
Microsoft Visual Studio Solution File, Format Version 11.00
# Visual Studio 2010
Project("{FAE04EC0-301F-11D3-BF4B-00C04F79EFBC}") = "Assembly-CSharp", "Assembly-CSharp.csproj", "{93788DCD-85AD-4022-FC78-021FBB917D94}"
EndProject
Project("{FAE04EC0-301F-11D3-BF4B-00C04F79EFBC}") = "VuforiaScripts", "VuforiaScripts.csproj", "{3FD0EB50-B273-2096-3E33-FFF3C6B1D1AB}"
EndProject
Project("{FAE04EC0-301F-11D3-BF4B-00C04F79EFBC}") = "VuforiaEditorScripts", "VuforiaEditorScripts.csproj", "{3A83DD0A-9DFF-A744-45D2-C09D9EC82A8E}"
EndProject
Global
	GlobalSection(SolutionConfigurationPlatforms) = preSolution
		Debug|Any CPU = Debug|Any CPU
		Release|Any CPU = Release|Any CPU
	EndGlobalSection
	GlobalSection(ProjectConfigurationPlatforms) = postSolution
		{93788DCD-85AD-4022-FC78-021FBB917D94}.Debug|Any CPU.ActiveCfg = Debug|Any CPU
		{93788DCD-85AD-4022-FC78-021FBB917D94}.Debug|Any CPU.Build.0 = Debug|Any CPU
		{93788DCD-85AD-4022-FC78-021FBB917D94}.Release|Any CPU.ActiveCfg = Release|Any CPU
		{93788DCD-85AD-4022-FC78-021FBB917D94}.Release|Any CPU.Build.0 = Release|Any CPU
		{3FD0EB50-B273-2096-3E33-FFF3C6B1D1AB}.Debug|Any CPU.ActiveCfg = Debug|Any CPU
		{3FD0EB50-B273-2096-3E33-FFF3C6B1D1AB}.Debug|Any CPU.Build.0 = Debug|Any CPU
		{3FD0EB50-B273-2096-3E33-FFF3C6B1D1AB}.Release|Any CPU.ActiveCfg = Release|Any CPU
		{3FD0EB50-B273-2096-3E33-FFF3C6B1D1AB}.Release|Any CPU.Build.0 = Release|Any CPU
		{3A83DD0A-9DFF-A744-45D2-C09D9EC82A8E}.Debug|Any CPU.ActiveCfg = Debug|Any CPU
		{3A83DD0A-9DFF-A744-45D2-C09D9EC82A8E}.Debug|Any CPU.Build.0 = Debug|Any CPU
		{3A83DD0A-9DFF-A744-45D2-C09D9EC82A8E}.Release|Any CPU.ActiveCfg = Release|Any CPU
		{3A83DD0A-9DFF-A744-45D2-C09D9EC82A8E}.Release|Any CPU.Build.0 = Release|Any CPU
	EndGlobalSection
	GlobalSection(SolutionProperties) = preSolution
		HideSolutionNode = FALSE
	EndGlobalSection
	GlobalSection(MonoDevelopProperties) = preSolution
		StartupItem = Assembly-CSharp.csproj
	EndGlobalSection
EndGlobal
